PODS:
  - iOS-Slide-Menu (1.4.0)
  - JSQMessagesViewController (5.0.1):
    - JSQSystemSoundPlayer
  - JSQSystemSoundPlayer (1.5.0)

DEPENDENCIES:
  - iOS-Slide-Menu (~> 1.4.0)
  - JSQMessagesViewController (~> 5.0.1)

SPEC CHECKSUMS:
  iOS-Slide-Menu: 4af7b49b06d1dfa8fcabd83110b13666ba837f06
  JSQMessagesViewController: 11aaf450f5ffe88102b7a24c8ef1475fabcd7a88
  JSQSystemSoundPlayer: 6dbac8dcc33e3add6facb3e59451a0249aece17d

COCOAPODS: 0.32.1
